
Microsoft Visual Studio Solution File, Format Version 12.00
# Visual Studio 15
VisualStudioVersion = 15.0.28307.1758
MinimumVisualStudioVersion = 10.0.40219.1
Project("{FAE04EC0-301F-11D3-BF4B-00C04F79EFBC}") = "DAL", "DAL\DAL.csproj", "{0B992488-7DAD-4107-9B60-BA8B1A36A24E}"
EndProject
Project("{FAE04EC0-301F-11D3-BF4B-00C04F79EFBC}") = "BLL", "BLL\BLL.csproj", "{5A38A824-7CDA-4750-B733-F626B92453FB}"
EndProject
Global
	GlobalSection(SolutionConfigurationPlatforms) = preSolution
		Debug|Any CPU = Debug|Any CPU
		Release|Any CPU = Release|Any CPU
	EndGlobalSection
	GlobalSection(ProjectConfigurationPlatforms) = postSolution
		{0B992488-7DAD-4107-9B60-BA8B1A36A24E}.Debug|Any CPU.ActiveCfg = Debug|Any CPU
		{0B992488-7DAD-4107-9B60-BA8B1A36A24E}.Debug|Any CPU.Build.0 = Debug|Any CPU
		{0B992488-7DAD-4107-9B60-BA8B1A36A24E}.Release|Any CPU.ActiveCfg = Release|Any CPU
		{0B992488-7DAD-4107-9B60-BA8B1A36A24E}.Release|Any CPU.Build.0 = Release|Any CPU
		{5A38A824-7CDA-4750-B733-F626B92453FB}.Debug|Any CPU.ActiveCfg = Debug|Any CPU
		{5A38A824-7CDA-4750-B733-F626B92453FB}.Debug|Any CPU.Build.0 = Debug|Any CPU
		{5A38A824-7CDA-4750-B733-F626B92453FB}.Release|Any CPU.ActiveCfg = Release|Any CPU
		{5A38A824-7CDA-4750-B733-F626B92453FB}.Release|Any CPU.Build.0 = Release|Any CPU
	EndGlobalSection
	GlobalSection(SolutionProperties) = preSolution
		HideSolutionNode = FALSE
	EndGlobalSection
	GlobalSection(ExtensibilityGlobals) = postSolution
		SolutionGuid = {E7BB16EA-B14A-46EA-A35E-505D757CA8DD}
	EndGlobalSection
EndGlobal
